// !$*UTF8*$!
{
	archiveVersion = 1;
	classes = {
	};
	objectVersion = 46;
	objects = {

/* Begin PBXBuildFile section */
		00E356F31AD99517003FC87E /* moving_shopTests.m in Sources */ = {isa = PBXBuildFile; fileRef = 00E356F21AD99517003FC87E /* moving_shopTests.m */; };
		13B07FBC1A68108700A75B9A /* AppDelegate.m in Sources */ = {isa = PBXBuildFile; fileRef = 13B07FB01A68108700A75B9A /* AppDelegate.m */; };
		13B07FBD1A68108700A75B9A /* LaunchScreen.xib in Resources */ = {isa = PBXBuildFile; fileRef = 13B07FB11A68108700A75B9A /* LaunchScreen.xib */; };
		13B07FBF1A68108700A75B9A /* Images.xcassets in Resources */ = {isa = PBXBuildFile; fileRef = 13B07FB51A68108700A75B9A /* Images.xcassets */; };
		13B07FC11A68108700A75B9A /* main.m in Sources */ = {isa = PBXBuildFile; fileRef = 13B07FB71A68108700A75B9A /* main.m */; };
		2D02E4BC1E0B4A80006451C7 /* AppDelegate.m in Sources */ = {isa = PBXBuildFile; fileRef = 13B07FB01A68108700A75B9A /* AppDelegate.m */; };
		2D02E4BD1E0B4A84006451C7 /* Images.xcassets in Resources */ = {isa = PBXBuildFile; fileRef = 13B07FB51A68108700A75B9A /* Images.xcassets */; };
		2D02E4BF1E0B4AB3006451C7 /* main.m in Sources */ = {isa = PBXBuildFile; fileRef = 13B07FB71A68108700A75B9A /* main.m */; };
		2DCD954D1E0B4F2C00145EB5 /* moving_shopTests.m in Sources */ = {isa = PBXBuildFile; fileRef = 00E356F21AD99517003FC87E /* moving_shopTests.m */; };
		511DE0316EB8F2FE93547059 /* libPods-moving_shopTests.a in Frameworks */ = {isa = PBXBuildFile; fileRef = 0B40E2DF5869B3F6A1496158 /* libPods-moving_shopTests.a */; };
		546A8C2AD77BDE43628E5B2B /* libPods-moving_shop.a in Frameworks */ = {isa = PBXBuildFile; fileRef = 4FFCBCE3064DA36D0513893F /* libPods-moving_shop.a */; };
		C14FFF6524A75F9300AADA08 /* main.jsbundle in Resources */ = {isa = PBXBuildFile; fileRef = C14FFF6324A75F9300AADA08 /* main.jsbundle */; };
		C14FFF6624A75F9300AADA08 /* assets in Resources */ = {isa = PBXBuildFile; fileRef = C14FFF6424A75F9300AADA08 /* assets */; };
		C1A43B2E23E45DEE0060752E /* Fontisto.ttf in Resources */ = {isa = PBXBuildFile; fileRef = C1A43B1E23E45DEE0060752E /* Fontisto.ttf */; };
		C1A43B2F23E45DEE0060752E /* Fontisto.ttf in Resources */ = {isa = PBXBuildFile; fileRef = C1A43B1E23E45DEE0060752E /* Fontisto.ttf */; };
		C1A43B3023E45DEE0060752E /* Fontisto.ttf in Resources */ = {isa = PBXBuildFile; fileRef = C1A43B1E23E45DEE0060752E /* Fontisto.ttf */; };
		C1A43B3123E45DEE0060752E /* Fontisto.ttf in Resources */ = {isa = PBXBuildFile; fileRef = C1A43B1E23E45DEE0060752E /* Fontisto.ttf */; };
		C1A43B3223E45DEE0060752E /* Octicons.ttf in Resources */ = {isa = PBXBuildFile; fileRef = C1A43B1F23E45DEE0060752E /* Octicons.ttf */; };
		C1A43B3323E45DEE0060752E /* Octicons.ttf in Resources */ = {isa = PBXBuildFile; fileRef = C1A43B1F23E45DEE0060752E /* Octicons.ttf */; };
		C1A43B3423E45DEE0060752E /* Octicons.ttf in Resources */ = {isa = PBXBuildFile; fileRef = C1A43B1F23E45DEE0060752E /* Octicons.ttf */; };
		C1A43B3523E45DEE0060752E /* Octicons.ttf in Resources */ = {isa = PBXBuildFile; fileRef = C1A43B1F23E45DEE0060752E /* Octicons.ttf */; };
		C1A43B3623E45DEE0060752E /* Feather.ttf in Resources */ = {isa = PBXBuildFile; fileRef = C1A43B2023E45DEE0060752E /* Feather.ttf */; };
		C1A43B3723E45DEE0060752E /* Feather.ttf in Resources */ = {isa = PBXBuildFile; fileRef = C1A43B2023E45DEE0060752E /* Feather.ttf */; };
		C1A43B3823E45DEE0060752E /* Feather.ttf in Resources */ = {isa = PBXBuildFile; fileRef = C1A43B2023E45DEE0060752E /* Feather.ttf */; };
		C1A43B3923E45DEE0060752E /* Feather.ttf in Resources */ = {isa = PBXBuildFile; fileRef = C1A43B2023E45DEE0060752E /* Feather.ttf */; };
		C1A43B3A23E45DEE0060752E /* Entypo.ttf in Resources */ = {isa = PBXBuildFile; fileRef = C1A43B2123E45DEE0060752E /* Entypo.ttf */; };
		C1A43B3B23E45DEE0060752E /* Entypo.ttf in Resources */ = {isa = PBXBuildFile; fileRef = C1A43B2123E45DEE0060752E /* Entypo.ttf */; };
		C1A43B3C23E45DEE0060752E /* Entypo.ttf in Resources */ = {isa = PBXBuildFile; fileRef = C1A43B2123E45DEE0060752E /* Entypo.ttf */; };
		C1A43B3D23E45DEE0060752E /* Entypo.ttf in Resources */ = {isa = PBXBuildFile; fileRef = C1A43B2123E45DEE0060752E /* Entypo.ttf */; };
		C1A43B3E23E45DEE0060752E /* FontAwesome5_Brands.ttf in Resources */ = {isa = PBXBuildFile; fileRef = C1A43B2223E45DEE0060752E /* FontAwesome5_Brands.ttf */; };
		C1A43B3F23E45DEE0060752E /* FontAwesome5_Brands.ttf in Resources */ = {isa = PBXBuildFile; fileRef = C1A43B2223E45DEE0060752E /* FontAwesome5_Brands.ttf */; };
		C1A43B4023E45DEE0060752E /* FontAwesome5_Brands.ttf in Resources */ = {isa = PBXBuildFile; fileRef = C1A43B2223E45DEE0060752E /* FontAwesome5_Brands.ttf */; };
		C1A43B4123E45DEE0060752E /* FontAwesome5_Brands.ttf in Resources */ = {isa = PBXBuildFile; fileRef = C1A43B2223E45DEE0060752E /* FontAwesome5_Brands.ttf */; };
		C1A43B4223E45DEE0060752E /* MaterialCommunityIcons.ttf in Resources */ = {isa = PBXBuildFile; fileRef = C1A43B2323E45DEE0060752E /* MaterialCommunityIcons.ttf */; };
		C1A43B4323E45DEE0060752E /* MaterialCommunityIcons.ttf in Resources */ = {isa = PBXBuildFile; fileRef = C1A43B2323E45DEE0060752E /* MaterialCommunityIcons.ttf */; };
		C1A43B4423E45DEE0060752E /* MaterialCommunityIcons.ttf in Resources */ = {isa = PBXBuildFile; fileRef = C1A43B2323E45DEE0060752E /* MaterialCommunityIcons.ttf */; };
		C1A43B4523E45DEE0060752E /* MaterialCommunityIcons.ttf in Resources */ = {isa = PBXBuildFile; fileRef = C1A43B2323E45DEE0060752E /* MaterialCommunityIcons.ttf */; };
		C1A43B4623E45DEE0060752E /* AntDesign.ttf in Resources */ = {isa = PBXBuildFile; fileRef = C1A43B2423E45DEE0060752E /* AntDesign.ttf */; };
		C1A43B4723E45DEE0060752E /* AntDesign.ttf in Resources */ = {isa = PBXBuildFile; fileRef = C1A43B2423E45DEE0060752E /* AntDesign.ttf */; };
		C1A43B4823E45DEE0060752E /* AntDesign.ttf in Resources */ = {isa = PBXBuildFile; fileRef = C1A43B2423E45DEE0060752E /* AntDesign.ttf */; };
		C1A43B4923E45DEE0060752E /* AntDesign.ttf in Resources */ = {isa = PBXBuildFile; fileRef = C1A43B2423E45DEE0060752E /* AntDesign.ttf */; };
		C1A43B4A23E45DEE0060752E /* Foundation.ttf in Resources */ = {isa = PBXBuildFile; fileRef = C1A43B2523E45DEE0060752E /* Foundation.ttf */; };
		C1A43B4B23E45DEE0060752E /* Foundation.ttf in Resources */ = {isa = PBXBuildFile; fileRef = C1A43B2523E45DEE0060752E /* Foundation.ttf */; };
		C1A43B4C23E45DEE0060752E /* Foundation.ttf in Resources */ = {isa = PBXBuildFile; fileRef = C1A43B2523E45DEE0060752E /* Foundation.ttf */; };
		C1A43B4D23E45DEE0060752E /* Foundation.ttf in Resources */ = {isa = PBXBuildFile; fileRef = C1A43B2523E45DEE0060752E /* Foundation.ttf */; };
		C1A43B4E23E45DEE0060752E /* Ionicons.ttf in Resources */ = {isa = PBXBuildFile; fileRef = C1A43B2623E45DEE0060752E /* Ionicons.ttf */; };
		C1A43B4F23E45DEE0060752E /* Ionicons.ttf in Resources */ = {isa = PBXBuildFile; fileRef = C1A43B2623E45DEE0060752E /* Ionicons.ttf */; };
		C1A43B5023E45DEE0060752E /* Ionicons.ttf in Resources */ = {isa = PBXBuildFile; fileRef = C1A43B2623E45DEE0060752E /* Ionicons.ttf */; };
		C1A43B5123E45DEE0060752E /* Ionicons.ttf in Resources */ = {isa = PBXBuildFile; fileRef = C1A43B2623E45DEE0060752E /* Ionicons.ttf */; };
		C1A43B5223E45DEE0060752E /* FontAwesome5_Solid.ttf in Resources */ = {isa = PBXBuildFile; fileRef = C1A43B2723E45DEE0060752E /* FontAwesome5_Solid.ttf */; };
		C1A43B5323E45DEE0060752E /* FontAwesome5_Solid.ttf in Resources */ = {isa = PBXBuildFile; fileRef = C1A43B2723E45DEE0060752E /* FontAwesome5_Solid.ttf */; };
		C1A43B5423E45DEE0060752E /* FontAwesome5_Solid.ttf in Resources */ = {isa = PBXBuildFile; fileRef = C1A43B2723E45DEE0060752E /* FontAwesome5_Solid.ttf */; };
		C1A43B5523E45DEE0060752E /* FontAwesome5_Solid.ttf in Resources */ = {isa = PBXBuildFile; fileRef = C1A43B2723E45DEE0060752E /* FontAwesome5_Solid.ttf */; };
		C1A43B5623E45DEE0060752E /* FontAwesome5_Regular.ttf in Resources */ = {isa = PBXBuildFile; fileRef = C1A43B2823E45DEE0060752E /* FontAwesome5_Regular.ttf */; };
		C1A43B5723E45DEE0060752E /* FontAwesome5_Regular.ttf in Resources */ = {isa = PBXBuildFile; fileRef = C1A43B2823E45DEE0060752E /* FontAwesome5_Regular.ttf */; };
		C1A43B5823E45DEE0060752E /* FontAwesome5_Regular.ttf in Resources */ = {isa = PBXBuildFile; fileRef = C1A43B2823E45DEE0060752E /* FontAwesome5_Regular.ttf */; };
		C1A43B5923E45DEE0060752E /* FontAwesome5_Regular.ttf in Resources */ = {isa = PBXBuildFile; fileRef = C1A43B2823E45DEE0060752E /* FontAwesome5_Regular.ttf */; };
		C1A43B5A23E45DEE0060752E /* FontAwesome.ttf in Resources */ = {isa = PBXBuildFile; fileRef = C1A43B2923E45DEE0060752E /* FontAwesome.ttf */; };
		C1A43B5B23E45DEE0060752E /* FontAwesome.ttf in Resources */ = {isa = PBXBuildFile; fileRef = C1A43B2923E45DEE0060752E /* FontAwesome.ttf */; };
		C1A43B5C23E45DEE0060752E /* FontAwesome.ttf in Resources */ = {isa = PBXBuildFile; fileRef = C1A43B2923E45DEE0060752E /* FontAwesome.ttf */; };
		C1A43B5D23E45DEE0060752E /* FontAwesome.ttf in Resources */ = {isa = PBXBuildFile; fileRef = C1A43B2923E45DEE0060752E /* FontAwesome.ttf */; };
		C1A43B5E23E45DEE0060752E /* Zocial.ttf in Resources */ = {isa = PBXBuildFile; fileRef = C1A43B2A23E45DEE0060752E /* Zocial.ttf */; };
		C1A43B5F23E45DEE0060752E /* Zocial.ttf in Resources */ = {isa = PBXBuildFile; fileRef = C1A43B2A23E45DEE0060752E /* Zocial.ttf */; };
		C1A43B6023E45DEE0060752E /* Zocial.ttf in Resources */ = {isa = PBXBuildFile; fileRef = C1A43B2A23E45DEE0060752E /* Zocial.ttf */; };
		C1A43B6123E45DEE0060752E /* Zocial.ttf in Resources */ = {isa = PBXBuildFile; fileRef = C1A43B2A23E45DEE0060752E /* Zocial.ttf */; };
		C1A43B6223E45DEE0060752E /* EvilIcons.ttf in Resources */ = {isa = PBXBuildFile; fileRef = C1A43B2B23E45DEE0060752E /* EvilIcons.ttf */; };
		C1A43B6323E45DEE0060752E /* EvilIcons.ttf in Resources */ = {isa = PBXBuildFile; fileRef = C1A43B2B23E45DEE0060752E /* EvilIcons.ttf */; };
		C1A43B6423E45DEE0060752E /* EvilIcons.ttf in Resources */ = {isa = PBXBuildFile; fileRef = C1A43B2B23E45DEE0060752E /* EvilIcons.ttf */; };
		C1A43B6523E45DEE0060752E /* EvilIcons.ttf in Resources */ = {isa = PBXBuildFile; fileRef = C1A43B2B23E45DEE0060752E /* EvilIcons.ttf */; };
		C1A43B6623E45DEE0060752E /* SimpleLineIcons.ttf in Resources */ = {isa = PBXBuildFile; fileRef = C1A43B2C23E45DEE0060752E /* SimpleLineIcons.ttf */; };
		C1A43B6723E45DEE0060752E /* SimpleLineIcons.ttf in Resources */ = {isa = PBXBuildFile; fileRef = C1A43B2C23E45DEE0060752E /* SimpleLineIcons.ttf */; };
		C1A43B6823E45DEE0060752E /* SimpleLineIcons.ttf in Resources */ = {isa = PBXBuildFile; fileRef = C1A43B2C23E45DEE0060752E /* SimpleLineIcons.ttf */; };
		C1A43B6923E45DEE0060752E /* SimpleLineIcons.ttf in Resources */ = {isa = PBXBuildFile; fileRef = C1A43B2C23E45DEE0060752E /* SimpleLineIcons.ttf */; };
		C1A43B6A23E45DEE0060752E /* MaterialIcons.ttf in Resources */ = {isa = PBXBuildFile; fileRef = C1A43B2D23E45DEE0060752E /* MaterialIcons.ttf */; };
		C1A43B6B23E45DEE0060752E /* MaterialIcons.ttf in Resources */ = {isa = PBXBuildFile; fileRef = C1A43B2D23E45DEE0060752E /* MaterialIcons.ttf */; };
		C1A43B6C23E45DEE0060752E /* MaterialIcons.ttf in Resources */ = {isa = PBXBuildFile; fileRef = C1A43B2D23E45DEE0060752E /* MaterialIcons.ttf */; };
		C1A43B6D23E45DEE0060752E /* MaterialIcons.ttf in Resources */ = {isa = PBXBuildFile; fileRef = C1A43B2D23E45DEE0060752E /* MaterialIcons.ttf */; };
		D7F442647FC77631775EF69A /* libPods-moving_shop-tvOS.a in Frameworks */ = {isa = PBXBuildFile; fileRef = 5AC8021F2A27511C4FE280A9 /* libPods-moving_shop-tvOS.a */; };
		D7F4C41CBDDDCBBCF92DB0C0 /* libPods-moving_shop-tvOSTests.a in Frameworks */ = {isa = PBXBuildFile; fileRef = AFDDD831C56F3000A1CFDEAA /* libPods-moving_shop-tvOSTests.a */; };
/* End PBXBuildFile section */

/* Begin PBXContainerItemProxy section */
		00E356F41AD99517003FC87E /* PBXContainerItemProxy */ = {
			isa = PBXContainerItemProxy;
			containerPortal = 83CBB9F71A601CBA00E9B192 /* Project object */;
			proxyType = 1;
			remoteGlobalIDString = 13B07F861A680F5B00A75B9A;
			remoteInfo = moving_shop;
		};
		2D02E4911E0B4A5D006451C7 /* PBXContainerItemProxy */ = {
			isa = PBXContainerItemProxy;
			containerPortal = 83CBB9F71A601CBA00E9B192 /* Project object */;
			proxyType = 1;
			remoteGlobalIDString = 2D02E47A1E0B4A5D006451C7;
			remoteInfo = "moving_shop-tvOS";
		};
/* End PBXContainerItemProxy section */

/* Begin PBXFileReference section */
		008F07F21AC5B25A0029DE68 /* main.jsbundle */ = {isa = PBXFileReference; fileEncoding = 4; lastKnownFileType = text; path = main.jsbundle; sourceTree = "<group>"; };
		00E356EE1AD99517003FC87E /* moving_shopTests.xctest */ = {isa = PBXFileReference; explicitFileType = wrapper.cfbundle; includeInIndex = 0; path = moving_shopTests.xctest; sourceTree = BUILT_PRODUCTS_DIR; };
		00E356F11AD99517003FC87E /* Info.plist */ = {isa = PBXFileReference; lastKnownFileType = text.plist.xml; path = Info.plist; sourceTree = "<group>"; };
		00E356F21AD99517003FC87E /* moving_shopTests.m */ = {isa = PBXFileReference; lastKnownFileType = sourcecode.c.objc; path = moving_shopTests.m; sourceTree = "<group>"; };
		0B40E2DF5869B3F6A1496158 /* libPods-moving_shopTests.a */ = {isa = PBXFileReference; explicitFileType = archive.ar; includeInIndex = 0; path = "libPods-moving_shopTests.a"; sourceTree = BUILT_PRODUCTS_DIR; };
		0BDBD47371BA65CA768FF918 /* Pods-moving_shop-tvOSTests.release.xcconfig */ = {isa = PBXFileReference; includeInIndex = 1; lastKnownFileType = text.xcconfig; name = "Pods-moving_shop-tvOSTests.release.xcconfig"; path = "Target Support Files/Pods-moving_shop-tvOSTests/Pods-moving_shop-tvOSTests.release.xcconfig"; sourceTree = "<group>"; };
		0F165D5FCD3212FEA7A7E00A /* Pods-moving_shopTests.debug.xcconfig */ = {isa = PBXFileReference; includeInIndex = 1; lastKnownFileType = text.xcconfig; name = "Pods-moving_shopTests.debug.xcconfig"; path = "Target Support Files/Pods-moving_shopTests/Pods-moving_shopTests.debug.xcconfig"; sourceTree = "<group>"; };
		13B07F961A680F5B00A75B9A /* moving_shop.app */ = {isa = PBXFileReference; explicitFileType = wrapper.application; includeInIndex = 0; path = moving_shop.app; sourceTree = BUILT_PRODUCTS_DIR; };
		13B07FAF1A68108700A75B9A /* AppDelegate.h */ = {isa = PBXFileReference; fileEncoding = 4; lastKnownFileType = sourcecode.c.h; name = AppDelegate.h; path = moving_shop/AppDelegate.h; sourceTree = "<group>"; };
		13B07FB01A68108700A75B9A /* AppDelegate.m */ = {isa = PBXFileReference; fileEncoding = 4; lastKnownFileType = sourcecode.c.objc; name = AppDelegate.m; path = moving_shop/AppDelegate.m; sourceTree = "<group>"; };
		13B07FB21A68108700A75B9A /* Base */ = {isa = PBXFileReference; lastKnownFileType = file.xib; name = Base; path = Base.lproj/LaunchScreen.xib; sourceTree = "<group>"; };
		13B07FB51A68108700A75B9A /* Images.xcassets */ = {isa = PBXFileReference; lastKnownFileType = folder.assetcatalog; name = Images.xcassets; path = moving_shop/Images.xcassets; sourceTree = "<group>"; };
		13B07FB61A68108700A75B9A /* Info.plist */ = {isa = PBXFileReference; fileEncoding = 4; lastKnownFileType = text.plist.xml; name = Info.plist; path = moving_shop/Info.plist; sourceTree = "<group>"; };
		13B07FB71A68108700A75B9A /* main.m */ = {isa = PBXFileReference; fileEncoding = 4; lastKnownFileType = sourcecode.c.objc; name = main.m; path = moving_shop/main.m; sourceTree = "<group>"; };
		2D02E47B1E0B4A5D006451C7 /* moving_shop-tvOS.app */ = {isa = PBXFileReference; explicitFileType = wrapper.application; includeInIndex = 0; path = "moving_shop-tvOS.app"; sourceTree = BUILT_PRODUCTS_DIR; };
		2D02E4901E0B4A5D006451C7 /* moving_shop-tvOSTests.xctest */ = {isa = PBXFileReference; explicitFileType = wrapper.cfbundle; includeInIndex = 0; path = "moving_shop-tvOSTests.xctest"; sourceTree = BUILT_PRODUCTS_DIR; };
		3E3A4FEFF0721C99DCAD24B5 /* Pods-moving_shop-tvOS.release.xcconfig */ = {isa = PBXFileReference; includeInIndex = 1; lastKnownFileType = text.xcconfig; name = "Pods-moving_shop-tvOS.release.xcconfig"; path = "Target Support Files/Pods-moving_shop-tvOS/Pods-moving_shop-tvOS.release.xcconfig"; sourceTree = "<group>"; };
		4FFCBCE3064DA36D0513893F /* libPods-moving_shop.a */ = {isa = PBXFileReference; explicitFileType = archive.ar; includeInIndex = 0; path = "libPods-moving_shop.a"; sourceTree = BUILT_PRODUCTS_DIR; };
		53E6BD5ED2762CC16D472702 /* Pods-moving_shop-tvOS.debug.xcconfig */ = {isa = PBXFileReference; includeInIndex = 1; lastKnownFileType = text.xcconfig; name = "Pods-moving_shop-tvOS.debug.xcconfig"; path = "Target Support Files/Pods-moving_shop-tvOS/Pods-moving_shop-tvOS.debug.xcconfig"; sourceTree = "<group>"; };
		5AC8021F2A27511C4FE280A9 /* libPods-moving_shop-tvOS.a */ = {isa = PBXFileReference; explicitFileType = archive.ar; includeInIndex = 0; path = "libPods-moving_shop-tvOS.a"; sourceTree = BUILT_PRODUCTS_DIR; };
		6C09B5D205C38CEB5645E485 /* Pods-moving_shop.release.xcconfig */ = {isa = PBXFileReference; includeInIndex = 1; lastKnownFileType = text.xcconfig; name = "Pods-moving_shop.release.xcconfig"; path = "Target Support Files/Pods-moving_shop/Pods-moving_shop.release.xcconfig"; sourceTree = "<group>"; };
		83C91C2C026AB311BF8643D3 /* Pods-moving_shop.debug.xcconfig */ = {isa = PBXFileReference; includeInIndex = 1; lastKnownFileType = text.xcconfig; name = "Pods-moving_shop.debug.xcconfig"; path = "Target Support Files/Pods-moving_shop/Pods-moving_shop.debug.xcconfig"; sourceTree = "<group>"; };
		90639CEDB965ED8914D3F935 /* Pods-moving_shop-tvOSTests.debug.xcconfig */ = {isa = PBXFileReference; includeInIndex = 1; lastKnownFileType = text.xcconfig; name = "Pods-moving_shop-tvOSTests.debug.xcconfig"; path = "Target Support Files/Pods-moving_shop-tvOSTests/Pods-moving_shop-tvOSTests.debug.xcconfig"; sourceTree = "<group>"; };
		AFDDD831C56F3000A1CFDEAA /* libPods-moving_shop-tvOSTests.a */ = {isa = PBXFileReference; explicitFileType = archive.ar; includeInIndex = 0; path = "libPods-moving_shop-tvOSTests.a"; sourceTree = BUILT_PRODUCTS_DIR; };
		C14FFF6324A75F9300AADA08 /* main.jsbundle */ = {isa = PBXFileReference; fileEncoding = 4; lastKnownFileType = text; name = main.jsbundle; path = ../shop_release_ios/main.jsbundle; sourceTree = "<group>"; };
		C14FFF6424A75F9300AADA08 /* assets */ = {isa = PBXFileReference; lastKnownFileType = folder; name = assets; path = ../shop_release_ios/assets; sourceTree = "<group>"; };
		C1A43B1E23E45DEE0060752E /* Fontisto.ttf */ = {isa = PBXFileReference; lastKnownFileType = file; path = Fontisto.ttf; sourceTree = "<group>"; };
		C1A43B1F23E45DEE0060752E /* Octicons.ttf */ = {isa = PBXFileReference; lastKnownFileType = file; path = Octicons.ttf; sourceTree = "<group>"; };
		C1A43B2023E45DEE0060752E /* Feather.ttf */ = {isa = PBXFileReference; lastKnownFileType = file; path = Feather.ttf; sourceTree = "<group>"; };
		C1A43B2123E45DEE0060752E /* Entypo.ttf */ = {isa = PBXFileReference; lastKnownFileType = file; path = Entypo.ttf; sourceTree = "<group>"; };
		C1A43B2223E45DEE0060752E /* FontAwesome5_Brands.ttf */ = {isa = PBXFileReference; lastKnownFileType = file; path = FontAwesome5_Brands.ttf; sourceTree = "<group>"; };
		C1A43B2323E45DEE0060752E /* MaterialCommunityIcons.ttf */ = {isa = PBXFileReference; lastKnownFileType = file; path = MaterialCommunityIcons.ttf; sourceTree = "<group>"; };
		C1A43B2423E45DEE0060752E /* AntDesign.ttf */ = {isa = PBXFileReference; lastKnownFileType = file; path = AntDesign.ttf; sourceTree = "<group>"; };
		C1A43B2523E45DEE0060752E /* Foundation.ttf */ = {isa = PBXFileReference; lastKnownFileType = file; path = Foundation.ttf; sourceTree = "<group>"; };
		C1A43B2623E45DEE0060752E /* Ionicons.ttf */ = {isa = PBXFileReference; lastKnownFileType = file; path = Ionicons.ttf; sourceTree = "<group>"; };
		C1A43B2723E45DEE0060752E /* FontAwesome5_Solid.ttf */ = {isa = PBXFileReference; lastKnownFileType = file; path = FontAwesome5_Solid.ttf; sourceTree = "<group>"; };
		C1A43B2823E45DEE0060752E /* FontAwesome5_Regular.ttf */ = {isa = PBXFileReference; lastKnownFileType = file; path = FontAwesome5_Regular.ttf; sourceTree = "<group>"; };
		C1A43B2923E45DEE0060752E /* FontAwesome.ttf */ = {isa = PBXFileReference; lastKnownFileType = file; path = FontAwesome.ttf; sourceTree = "<group>"; };
		C1A43B2A23E45DEE0060752E /* Zocial.ttf */ = {isa = PBXFileReference; lastKnownFileType = file; path = Zocial.ttf; sourceTree = "<group>"; };
		C1A43B2B23E45DEE0060752E /* EvilIcons.ttf */ = {isa = PBXFileReference; lastKnownFileType = file; path = EvilIcons.ttf; sourceTree = "<group>"; };
		C1A43B2C23E45DEE0060752E /* SimpleLineIcons.ttf */ = {isa = PBXFileReference; lastKnownFileType = file; path = SimpleLineIcons.ttf; sourceTree = "<group>"; };
		C1A43B2D23E45DEE0060752E /* MaterialIcons.ttf */ = {isa = PBXFileReference; lastKnownFileType = file; path = MaterialIcons.ttf; sourceTree = "<group>"; };
		E725C4F8737C102F09BD80FD /* Pods-moving_shopTests.release.xcconfig */ = {isa = PBXFileReference; includeInIndex = 1; lastKnownFileType = text.xcconfig; name = "Pods-moving_shopTests.release.xcconfig"; path = "Target Support Files/Pods-moving_shopTests/Pods-moving_shopTests.release.xcconfig"; sourceTree = "<group>"; };
		ED297162215061F000B7C4FE /* JavaScriptCore.framework */ = {isa = PBXFileReference; lastKnownFileType = wrapper.framework; name = JavaScriptCore.framework; path = System/Library/Frameworks/JavaScriptCore.framework; sourceTree = SDKROOT; };
		ED2971642150620600B7C4FE /* JavaScriptCore.framework */ = {isa = PBXFileReference; lastKnownFileType = wrapper.framework; name = JavaScriptCore.framework; path = Platforms/AppleTVOS.platform/Developer/SDKs/AppleTVOS12.0.sdk/System/Library/Frameworks/JavaScriptCore.framework; sourceTree = DEVELOPER_DIR; };
/* End PBXFileReference section */

/* Begin PBXFrameworksBuildPhase section */
		00E356EB1AD99517003FC87E /* Frameworks */ = {
			isa = PBXFrameworksBuildPhase;
			buildActionMask = 2147483647;
			files = (
				511DE0316EB8F2FE93547059 /* libPods-moving_shopTests.a in Frameworks */,
			);
			runOnlyForDeploymentPostprocessing = 0;
		};
		13B07F8C1A680F5B00A75B9A /* Frameworks */ = {
			isa = PBXFrameworksBuildPhase;
			buildActionMask = 2147483647;
			files = (
				546A8C2AD77BDE43628E5B2B /* libPods-moving_shop.a in Frameworks */,
			);
			runOnlyForDeploymentPostprocessing = 0;
		};
		2D02E4781E0B4A5D006451C7 /* Frameworks */ = {
			isa = PBXFrameworksBuildPhase;
			buildActionMask = 2147483647;
			files = (
				D7F442647FC77631775EF69A /* libPods-moving_shop-tvOS.a in Frameworks */,
			);
			runOnlyForDeploymentPostprocessing = 0;
		};
		2D02E48D1E0B4A5D006451C7 /* Frameworks */ = {
			isa = PBXFrameworksBuildPhase;
			buildActionMask = 2147483647;
			files = (
				D7F4C41CBDDDCBBCF92DB0C0 /* libPods-moving_shop-tvOSTests.a in Frameworks */,
			);
			runOnlyForDeploymentPostprocessing = 0;
		};
/* End PBXFrameworksBuildPhase section */

/* Begin PBXGroup section */
		00E356EF1AD99517003FC87E /* moving_shopTests */ = {
			isa = PBXGroup;
			children = (
				00E356F21AD99517003FC87E /* moving_shopTests.m */,
				00E356F01AD99517003FC87E /* Supporting Files */,
			);
			path = moving_shopTests;
			sourceTree = "<group>";
		};
		00E356F01AD99517003FC87E /* Supporting Files */ = {
			isa = PBXGroup;
			children = (
				00E356F11AD99517003FC87E /* Info.plist */,
			);
			name = "Supporting Files";
			sourceTree = "<group>";
		};
		13B07FAE1A68108700A75B9A /* moving_shop */ = {
			isa = PBXGroup;
			children = (
				008F07F21AC5B25A0029DE68 /* main.jsbundle */,
				13B07FAF1A68108700A75B9A /* AppDelegate.h */,
				13B07FB01A68108700A75B9A /* AppDelegate.m */,
				13B07FB51A68108700A75B9A /* Images.xcassets */,
				13B07FB61A68108700A75B9A /* Info.plist */,
				13B07FB11A68108700A75B9A /* LaunchScreen.xib */,
				13B07FB71A68108700A75B9A /* main.m */,
			);
			name = moving_shop;
			sourceTree = "<group>";
		};
		2D16E6871FA4F8E400B85C8A /* Frameworks */ = {
			isa = PBXGroup;
			children = (
				ED297162215061F000B7C4FE /* JavaScriptCore.framework */,
				ED2971642150620600B7C4FE /* JavaScriptCore.framework */,
				4FFCBCE3064DA36D0513893F /* libPods-moving_shop.a */,
				5AC8021F2A27511C4FE280A9 /* libPods-moving_shop-tvOS.a */,
				AFDDD831C56F3000A1CFDEAA /* libPods-moving_shop-tvOSTests.a */,
				0B40E2DF5869B3F6A1496158 /* libPods-moving_shopTests.a */,
			);
			name = Frameworks;
			sourceTree = "<group>";
		};
		832341AE1AAA6A7D00B99B32 /* Libraries */ = {
			isa = PBXGroup;
			children = (
			);
			name = Libraries;
			sourceTree = "<group>";
		};
		83CBB9F61A601CBA00E9B192 = {
			isa = PBXGroup;
			children = (
				C14FFF6424A75F9300AADA08 /* assets */,
				C14FFF6324A75F9300AADA08 /* main.jsbundle */,
				C1A43B1D23E45DEE0060752E /* Fonts */,
				13B07FAE1A68108700A75B9A /* moving_shop */,
				832341AE1AAA6A7D00B99B32 /* Libraries */,
				00E356EF1AD99517003FC87E /* moving_shopTests */,
				83CBBA001A601CBA00E9B192 /* Products */,
				2D16E6871FA4F8E400B85C8A /* Frameworks */,
				9E065F75308E3C6351700A4F /* Pods */,
			);
			indentWidth = 2;
			sourceTree = "<group>";
			tabWidth = 2;
			usesTabs = 0;
		};
		83CBBA001A601CBA00E9B192 /* Products */ = {
			isa = PBXGroup;
			children = (
				13B07F961A680F5B00A75B9A /* moving_shop.app */,
				00E356EE1AD99517003FC87E /* moving_shopTests.xctest */,
				2D02E47B1E0B4A5D006451C7 /* moving_shop-tvOS.app */,
				2D02E4901E0B4A5D006451C7 /* moving_shop-tvOSTests.xctest */,
			);
			name = Products;
			sourceTree = "<group>";
		};
		9E065F75308E3C6351700A4F /* Pods */ = {
			isa = PBXGroup;
			children = (
				83C91C2C026AB311BF8643D3 /* Pods-moving_shop.debug.xcconfig */,
				6C09B5D205C38CEB5645E485 /* Pods-moving_shop.release.xcconfig */,
				53E6BD5ED2762CC16D472702 /* Pods-moving_shop-tvOS.debug.xcconfig */,
				3E3A4FEFF0721C99DCAD24B5 /* Pods-moving_shop-tvOS.release.xcconfig */,
				90639CEDB965ED8914D3F935 /* Pods-moving_shop-tvOSTests.debug.xcconfig */,
				0BDBD47371BA65CA768FF918 /* Pods-moving_shop-tvOSTests.release.xcconfig */,
				0F165D5FCD3212FEA7A7E00A /* Pods-moving_shopTests.debug.xcconfig */,
				E725C4F8737C102F09BD80FD /* Pods-moving_shopTests.release.xcconfig */,
			);
			path = Pods;
			sourceTree = "<group>";
		};
		C1A43B1D23E45DEE0060752E /* Fonts */ = {
			isa = PBXGroup;
			children = (
				C1A43B1E23E45DEE0060752E /* Fontisto.ttf */,
				C1A43B1F23E45DEE0060752E /* Octicons.ttf */,
				C1A43B2023E45DEE0060752E /* Feather.ttf */,
				C1A43B2123E45DEE0060752E /* Entypo.ttf */,
				C1A43B2223E45DEE0060752E /* FontAwesome5_Brands.ttf */,
				C1A43B2323E45DEE0060752E /* MaterialCommunityIcons.ttf */,
				C1A43B2423E45DEE0060752E /* AntDesign.ttf */,
				C1A43B2523E45DEE0060752E /* Foundation.ttf */,
				C1A43B2623E45DEE0060752E /* Ionicons.ttf */,
				C1A43B2723E45DEE0060752E /* FontAwesome5_Solid.ttf */,
				C1A43B2823E45DEE0060752E /* FontAwesome5_Regular.ttf */,
				C1A43B2923E45DEE0060752E /* FontAwesome.ttf */,
				C1A43B2A23E45DEE0060752E /* Zocial.ttf */,
				C1A43B2B23E45DEE0060752E /* EvilIcons.ttf */,
				C1A43B2C23E45DEE0060752E /* SimpleLineIcons.ttf */,
				C1A43B2D23E45DEE0060752E /* MaterialIcons.ttf */,
			);
			name = Fonts;
			path = "../node_modules/react-native-vector-icons/Fonts";
			sourceTree = "<group>";
		};
/* End PBXGroup section */

/* Begin PBXNativeTarget section */
		00E356ED1AD99517003FC87E /* moving_shopTests */ = {
			isa = PBXNativeTarget;
			buildConfigurationList = 00E357021AD99517003FC87E /* Build configuration list for PBXNativeTarget "moving_shopTests" */;
			buildPhases = (
				5FEE1473BDE996347328A8ED /* [CP] Check Pods Manifest.lock */,
				00E356EA1AD99517003FC87E /* Sources */,
				00E356EB1AD99517003FC87E /* Frameworks */,
				00E356EC1AD99517003FC87E /* Resources */,
			);
			buildRules = (
			);
			dependencies = (
				00E356F51AD99517003FC87E /* PBXTargetDependency */,
			);
			name = moving_shopTests;
			productName = moving_shopTests;
			productReference = 00E356EE1AD99517003FC87E /* moving_shopTests.xctest */;
			productType = "com.apple.product-type.bundle.unit-test";
		};
		13B07F861A680F5B00A75B9A /* moving_shop */ = {
			isa = PBXNativeTarget;
			buildConfigurationList = 13B07F931A680F5B00A75B9A /* Build configuration list for PBXNativeTarget "moving_shop" */;
			buildPhases = (
				8EB1DB924DF2A7E4D2DAF7DE /* [CP] Check Pods Manifest.lock */,
				FD10A7F022414F080027D42C /* Start Packager */,
				13B07F871A680F5B00A75B9A /* Sources */,
				13B07F8C1A680F5B00A75B9A /* Frameworks */,
				13B07F8E1A680F5B00A75B9A /* Resources */,
				00DD1BFF1BD5951E006B06BC /* Bundle React Native code and images */,
				FC73024AC1831FDC0C913306 /* [CP] Copy Pods Resources */,
			);
			buildRules = (
			);
			dependencies = (
			);
			name = moving_shop;
			productName = moving_shop;
			productReference = 13B07F961A680F5B00A75B9A /* moving_shop.app */;
			productType = "com.apple.product-type.application";
		};
		2D02E47A1E0B4A5D006451C7 /* moving_shop-tvOS */ = {
			isa = PBXNativeTarget;
			buildConfigurationList = 2D02E4BA1E0B4A5E006451C7 /* Build configuration list for PBXNativeTarget "moving_shop-tvOS" */;
			buildPhases = (
				A68F7F4FA5EE36646F0A0D62 /* [CP] Check Pods Manifest.lock */,
				FD10A7F122414F3F0027D42C /* Start Packager */,
				2D02E4771E0B4A5D006451C7 /* Sources */,
				2D02E4781E0B4A5D006451C7 /* Frameworks */,
				2D02E4791E0B4A5D006451C7 /* Resources */,
				2D02E4CB1E0B4B27006451C7 /* Bundle React Native Code And Images */,
			);
			buildRules = (
			);
			dependencies = (
			);
			name = "moving_shop-tvOS";
			productName = "moving_shop-tvOS";
			productReference = 2D02E47B1E0B4A5D006451C7 /* moving_shop-tvOS.app */;
			productType = "com.apple.product-type.application";
		};
		2D02E48F1E0B4A5D006451C7 /* moving_shop-tvOSTests */ = {
			isa = PBXNativeTarget;
			buildConfigurationList = 2D02E4BB1E0B4A5E006451C7 /* Build configuration list for PBXNativeTarget "moving_shop-tvOSTests" */;
			buildPhases = (
				3AC2361171EEEA256B349CC1 /* [CP] Check Pods Manifest.lock */,
				2D02E48C1E0B4A5D006451C7 /* Sources */,
				2D02E48D1E0B4A5D006451C7 /* Frameworks */,
				2D02E48E1E0B4A5D006451C7 /* Resources */,
			);
			buildRules = (
			);
			dependencies = (
				2D02E4921E0B4A5D006451C7 /* PBXTargetDependency */,
			);
			name = "moving_shop-tvOSTests";
			productName = "moving_shop-tvOSTests";
			productReference = 2D02E4901E0B4A5D006451C7 /* moving_shop-tvOSTests.xctest */;
			productType = "com.apple.product-type.bundle.unit-test";
		};
/* End PBXNativeTarget section */

/* Begin PBXProject section */
		83CBB9F71A601CBA00E9B192 /* Project object */ = {
			isa = PBXProject;
			attributes = {
				LastUpgradeCheck = 1150;
				ORGANIZATIONNAME = "";
				TargetAttributes = {
					00E356ED1AD99517003FC87E = {
						CreatedOnToolsVersion = 6.2;
						TestTargetID = 13B07F861A680F5B00A75B9A;
					};
					13B07F861A680F5B00A75B9A = {
						DevelopmentTeam = W46MECA4RF;
						LastSwiftMigration = 1150;
					};
					2D02E47A1E0B4A5D006451C7 = {
						CreatedOnToolsVersion = 8.2.1;
						ProvisioningStyle = Automatic;
					};
					2D02E48F1E0B4A5D006451C7 = {
						CreatedOnToolsVersion = 8.2.1;
						ProvisioningStyle = Automatic;
						TestTargetID = 2D02E47A1E0B4A5D006451C7;
					};
				};
			};
			buildConfigurationList = 83CBB9FA1A601CBA00E9B192 /* Build configuration list for PBXProject "moving_shop" */;
			compatibilityVersion = "Xcode 3.2";
			developmentRegion = English;
			hasScannedForEncodings = 0;
			knownRegions = (
				English,
				en,
				Base,
			);
			mainGroup = 83CBB9F61A601CBA00E9B192;
			productRefGroup = 83CBBA001A601CBA00E9B192 /* Products */;
			projectDirPath = "";
			projectRoot = "";
			targets = (
				13B07F861A680F5B00A75B9A /* moving_shop */,
				00E356ED1AD99517003FC87E /* moving_shopTests */,
				2D02E47A1E0B4A5D006451C7 /* moving_shop-tvOS */,
				2D02E48F1E0B4A5D006451C7 /* moving_shop-tvOSTests */,
			);
		};
/* End PBXProject section */

/* Begin PBXResourcesBuildPhase section */
		00E356EC1AD99517003FC87E /* Resources */ = {
			isa = PBXResourcesBuildPhase;
			buildActionMask = 2147483647;
			files = (
				C1A43B3323E45DEE0060752E /* Octicons.ttf in Resources */,
				C1A43B4B23E45DEE0060752E /* Foundation.ttf in Resources */,
				C1A43B6723E45DEE0060752E /* SimpleLineIcons.ttf in Resources */,
				C1A43B4F23E45DEE0060752E /* Ionicons.ttf in Resources */,
				C1A43B6323E45DEE0060752E /* EvilIcons.ttf in Resources */,
				C1A43B5723E45DEE0060752E /* FontAwesome5_Regular.ttf in Resources */,
				C1A43B5F23E45DEE0060752E /* Zocial.ttf in Resources */,
				C1A43B3B23E45DEE0060752E /* Entypo.ttf in Resources */,
				C1A43B6B23E45DEE0060752E /* MaterialIcons.ttf in Resources */,
				C1A43B4723E45DEE0060752E /* AntDesign.ttf in Resources */,
				C1A43B5323E45DEE0060752E /* FontAwesome5_Solid.ttf in Resources */,
				C1A43B2F23E45DEE0060752E /* Fontisto.ttf in Resources */,
				C1A43B3723E45DEE0060752E /* Feather.ttf in Resources */,
				C1A43B4323E45DEE0060752E /* MaterialCommunityIcons.ttf in Resources */,
				C1A43B3F23E45DEE0060752E /* FontAwesome5_Brands.ttf in Resources */,
				C1A43B5B23E45DEE0060752E /* FontAwesome.ttf in Resources */,
			);
			runOnlyForDeploymentPostprocessing = 0;
		};
		13B07F8E1A680F5B00A75B9A /* Resources */ = {
			isa = PBXResourcesBuildPhase;
			buildActionMask = 2147483647;
			files = (
				C14FFF6524A75F9300AADA08 /* main.jsbundle in Resources */,
				C1A43B2E23E45DEE0060752E /* Fontisto.ttf in Resources */,
				C1A43B5A23E45DEE0060752E /* FontAwesome.ttf in Resources */,
				C1A43B4A23E45DEE0060752E /* Foundation.ttf in Resources */,
				C1A43B5623E45DEE0060752E /* FontAwesome5_Regular.ttf in Resources */,
				C14FFF6624A75F9300AADA08 /* assets in Resources */,
				C1A43B4E23E45DEE0060752E /* Ionicons.ttf in Resources */,
				C1A43B6223E45DEE0060752E /* EvilIcons.ttf in Resources */,
				C1A43B3A23E45DEE0060752E /* Entypo.ttf in Resources */,
				13B07FBF1A68108700A75B9A /* Images.xcassets in Resources */,
				C1A43B5E23E45DEE0060752E /* Zocial.ttf in Resources */,
				C1A43B6623E45DEE0060752E /* SimpleLineIcons.ttf in Resources */,
				C1A43B3623E45DEE0060752E /* Feather.ttf in Resources */,
				C1A43B3223E45DEE0060752E /* Octicons.ttf in Resources */,
				C1A43B3E23E45DEE0060752E /* FontAwesome5_Brands.ttf in Resources */,
				C1A43B4623E45DEE0060752E /* AntDesign.ttf in Resources */,
				C1A43B6A23E45DEE0060752E /* MaterialIcons.ttf in Resources */,
				C1A43B5223E45DEE0060752E /* FontAwesome5_Solid.ttf in Resources */,
				C1A43B4223E45DEE0060752E /* MaterialCommunityIcons.ttf in Resources */,
				13B07FBD1A68108700A75B9A /* LaunchScreen.xib in Resources */,
			);
			runOnlyForDeploymentPostprocessing = 0;
		};
		2D02E4791E0B4A5D006451C7 /* Resources */ = {
			isa = PBXResourcesBuildPhase;
			buildActionMask = 2147483647;
			files = (
				C1A43B5023E45DEE0060752E /* Ionicons.ttf in Resources */,
				C1A43B5C23E45DEE0060752E /* FontAwesome.ttf in Resources */,
				C1A43B3023E45DEE0060752E /* Fontisto.ttf in Resources */,
				C1A43B4423E45DEE0060752E /* MaterialCommunityIcons.ttf in Resources */,
				C1A43B3423E45DEE0060752E /* Octicons.ttf in Resources */,
				C1A43B4C23E45DEE0060752E /* Foundation.ttf in Resources */,
				C1A43B6023E45DEE0060752E /* Zocial.ttf in Resources */,
				C1A43B3823E45DEE0060752E /* Feather.ttf in Resources */,
				C1A43B5823E45DEE0060752E /* FontAwesome5_Regular.ttf in Resources */,
				C1A43B4023E45DEE0060752E /* FontAwesome5_Brands.ttf in Resources */,
				C1A43B3C23E45DEE0060752E /* Entypo.ttf in Resources */,
				C1A43B6C23E45DEE0060752E /* MaterialIcons.ttf in Resources */,
				C1A43B4823E45DEE0060752E /* AntDesign.ttf in Resources */,
				C1A43B5423E45DEE0060752E /* FontAwesome5_Solid.ttf in Resources */,
				C1A43B6823E45DEE0060752E /* SimpleLineIcons.ttf in Resources */,
				C1A43B6423E45DEE0060752E /* EvilIcons.ttf in Resources */,
				2D02E4BD1E0B4A84006451C7 /* Images.xcassets in Resources */,
			);
			runOnlyForDeploymentPostprocessing = 0;
		};
		2D02E48E1E0B4A5D006451C7 /* Resources */ = {
			isa = PBXResourcesBuildPhase;
			buildActionMask = 2147483647;
			files = (
				C1A43B3523E45DEE0060752E /* Octicons.ttf in Resources */,
				C1A43B4D23E45DEE0060752E /* Foundation.ttf in Resources */,
				C1A43B6923E45DEE0060752E /* SimpleLineIcons.ttf in Resources */,
				C1A43B5123E45DEE0060752E /* Ionicons.ttf in Resources */,
				C1A43B6523E45DEE0060752E /* EvilIcons.ttf in Resources */,
				C1A43B5923E45DEE0060752E /* FontAwesome5_Regular.ttf in Resources */,
				C1A43B6123E45DEE0060752E /* Zocial.ttf in Resources */,
				C1A43B3D23E45DEE0060752E /* Entypo.ttf in Resources */,
				C1A43B6D23E45DEE0060752E /* MaterialIcons.ttf in Resources */,
				C1A43B4923E45DEE0060752E /* AntDesign.ttf in Resources */,
				C1A43B5523E45DEE0060752E /* FontAwesome5_Solid.ttf in Resources */,
				C1A43B3123E45DEE0060752E /* Fontisto.ttf in Resources */,
				C1A43B3923E45DEE0060752E /* Feather.ttf in Resources */,
				C1A43B4523E45DEE0060752E /* MaterialCommunityIcons.ttf in Resources */,
				C1A43B4123E45DEE0060752E /* FontAwesome5_Brands.ttf in Resources */,
				C1A43B5D23E45DEE0060752E /* FontAwesome.ttf in Resources */,
			);
			runOnlyForDeploymentPostprocessing = 0;
		};
/* End PBXResourcesBuildPhase section */

/* Begin PBXShellScriptBuildPhase section */
		00DD1BFF1BD5951E006B06BC /* Bundle React Native code and images */ = {
			isa = PBXShellScriptBuildPhase;
			buildActionMask = 2147483647;
			files = (
			);
			inputPaths = (
			);
			name = "Bundle React Native code and images";
			outputPaths = (
			);
			runOnlyForDeploymentPostprocessing = 0;
			shellPath = /bin/sh;
			shellScript = "export NODE_BINARY=node\n../node_modules/react-native/scripts/react-native-xcode.sh\n";
		};
		2D02E4CB1E0B4B27006451C7 /* Bundle React Native Code And Images */ = {
			isa = PBXShellScriptBuildPhase;
			buildActionMask = 2147483647;
			files = (
			);
			inputPaths = (
			);
			name = "Bundle React Native Code And Images";
			outputPaths = (
			);
			runOnlyForDeploymentPostprocessing = 0;
			shellPath = /bin/sh;
			shellScript = "export NODE_BINARY=node\n../node_modules/react-native/scripts/react-native-xcode.sh";
		};
		3AC2361171EEEA256B349CC1 /* [CP] Check Pods Manifest.lock */ = {
			isa = PBXShellScriptBuildPhase;
			buildActionMask = 2147483647;
			files = (
			);
			inputFileListPaths = (
			);
			inputPaths = (
				"${PODS_PODFILE_DIR_PATH}/Podfile.lock",
				"${PODS_ROOT}/Manifest.lock",
			);
			name = "[CP] Check Pods Manifest.lock";
			outputFileListPaths = (
			);
			outputPaths = (
				"$(DERIVED_FILE_DIR)/Pods-moving_shop-tvOSTests-checkManifestLockResult.txt",
			);
			runOnlyForDeploymentPostprocessing = 0;
			shellPath = /bin/sh;
			shellScript = "diff \"${PODS_PODFILE_DIR_PATH}/Podfile.lock\" \"${PODS_ROOT}/Manifest.lock\" > /dev/null\nif [ $? != 0 ] ; then\n    # print error to STDERR\n    echo \"error: The sandbox is not in sync with the Podfile.lock. Run 'pod install' or update your CocoaPods installation.\" >&2\n    exit 1\nfi\n# This output is used by Xcode 'outputs' to avoid re-running this script phase.\necho \"SUCCESS\" > \"${SCRIPT_OUTPUT_FILE_0}\"\n";
			showEnvVarsInLog = 0;
		};
		5FEE1473BDE996347328A8ED /* [CP] Check Pods Manifest.lock */ = {
			isa = PBXShellScriptBuildPhase;
			buildActionMask = 2147483647;
			files = (
			);
			inputFileListPaths = (
			);
			inputPaths = (
				"${PODS_PODFILE_DIR_PATH}/Podfile.lock",
				"${PODS_ROOT}/Manifest.lock",
			);
			name = "[CP] Check Pods Manifest.lock";
			outputFileListPaths = (
			);
			outputPaths = (
				"$(DERIVED_FILE_DIR)/Pods-moving_shopTests-checkManifestLockResult.txt",
			);
			runOnlyForDeploymentPostprocessing = 0;
			shellPath = /bin/sh;
			shellScript = "diff \"${PODS_PODFILE_DIR_PATH}/Podfile.lock\" \"${PODS_ROOT}/Manifest.lock\" > /dev/null\nif [ $? != 0 ] ; then\n    # print error to STDERR\n    echo \"error: The sandbox is not in sync with the Podfile.lock. Run 'pod install' or update your CocoaPods installation.\" >&2\n    exit 1\nfi\n# This output is used by Xcode 'outputs' to avoid re-running this script phase.\necho \"SUCCESS\" > \"${SCRIPT_OUTPUT_FILE_0}\"\n";
			showEnvVarsInLog = 0;
		};
		8EB1DB924DF2A7E4D2DAF7DE /* [CP] Check Pods Manifest.lock */ = {
			isa = PBXShellScriptBuildPhase;
			buildActionMask = 2147483647;
			files = (
			);
			inputFileListPaths = (
			);
			inputPaths = (
				"${PODS_PODFILE_DIR_PATH}/Podfile.lock",
				"${PODS_ROOT}/Manifest.lock",
			);
			name = "[CP] Check Pods Manifest.lock";
			outputFileListPaths = (
			);
			outputPaths = (
				"$(DERIVED_FILE_DIR)/Pods-moving_shop-checkManifestLockResult.txt",
			);
			runOnlyForDeploymentPostprocessing = 0;
			shellPath = /bin/sh;
			shellScript = "diff \"${PODS_PODFILE_DIR_PATH}/Podfile.lock\" \"${PODS_ROOT}/Manifest.lock\" > /dev/null\nif [ $? != 0 ] ; then\n    # print error to STDERR\n    echo \"error: The sandbox is not in sync with the Podfile.lock. Run 'pod install' or update your CocoaPods installation.\" >&2\n    exit 1\nfi\n# This output is used by Xcode 'outputs' to avoid re-running this script phase.\necho \"SUCCESS\" > \"${SCRIPT_OUTPUT_FILE_0}\"\n";
			showEnvVarsInLog = 0;
		};
		A68F7F4FA5EE36646F0A0D62 /* [CP] Check Pods Manifest.lock */ = {
			isa = PBXShellScriptBuildPhase;
			buildActionMask = 2147483647;
			files = (
			);
			inputFileListPaths = (
			);
			inputPaths = (
				"${PODS_PODFILE_DIR_PATH}/Podfile.lock",
				"${PODS_ROOT}/Manifest.lock",
			);
			name = "[CP] Check Pods Manifest.lock";
			outputFileListPaths = (
			);
			outputPaths = (
				"$(DERIVED_FILE_DIR)/Pods-moving_shop-tvOS-checkManifestLockResult.txt",
			);
			runOnlyForDeploymentPostprocessing = 0;
			shellPath = /bin/sh;
			shellScript = "diff \"${PODS_PODFILE_DIR_PATH}/Podfile.lock\" \"${PODS_ROOT}/Manifest.lock\" > /dev/null\nif [ $? != 0 ] ; then\n    # print error to STDERR\n    echo \"error: The sandbox is not in sync with the Podfile.lock. Run 'pod install' or update your CocoaPods installation.\" >&2\n    exit 1\nfi\n# This output is used by Xcode 'outputs' to avoid re-running this script phase.\necho \"SUCCESS\" > \"${SCRIPT_OUTPUT_FILE_0}\"\n";
			showEnvVarsInLog = 0;
		};
		FC73024AC1831FDC0C913306 /* [CP] Copy Pods Resources */ = {
			isa = PBXShellScriptBuildPhase;
			buildActionMask = 2147483647;
			files = (
			);
			inputPaths = (
				"${PODS_ROOT}/Target Support Files/Pods-moving_shop/Pods-moving_shop-resources.sh",
				"${PODS_CONFIGURATION_BUILD_DIR}/RNImageCropPicker/QBImagePicker.bundle",
				"${PODS_ROOT}/../../node_modules/react-native-vector-icons/Fonts/AntDesign.ttf",
				"${PODS_ROOT}/../../node_modules/react-native-vector-icons/Fonts/Entypo.ttf",
				"${PODS_ROOT}/../../node_modules/react-native-vector-icons/Fonts/EvilIcons.ttf",
				"${PODS_ROOT}/../../node_modules/react-native-vector-icons/Fonts/Feather.ttf",
				"${PODS_ROOT}/../../node_modules/react-native-vector-icons/Fonts/FontAwesome.ttf",
				"${PODS_ROOT}/../../node_modules/react-native-vector-icons/Fonts/FontAwesome5_Brands.ttf",
				"${PODS_ROOT}/../../node_modules/react-native-vector-icons/Fonts/FontAwesome5_Regular.ttf",
				"${PODS_ROOT}/../../node_modules/react-native-vector-icons/Fonts/FontAwesome5_Solid.ttf",
				"${PODS_ROOT}/../../node_modules/react-native-vector-icons/Fonts/Fontisto.ttf",
				"${PODS_ROOT}/../../node_modules/react-native-vector-icons/Fonts/Foundation.ttf",
				"${PODS_ROOT}/../../node_modules/react-native-vector-icons/Fonts/Ionicons.ttf",
				"${PODS_ROOT}/../../node_modules/react-native-vector-icons/Fonts/MaterialCommunityIcons.ttf",
				"${PODS_ROOT}/../../node_modules/react-native-vector-icons/Fonts/MaterialIcons.ttf",
				"${PODS_ROOT}/../../node_modules/react-native-vector-icons/Fonts/Octicons.ttf",
				"${PODS_ROOT}/../../node_modules/react-native-vector-icons/Fonts/SimpleLineIcons.ttf",
				"${PODS_ROOT}/../../node_modules/react-native-vector-icons/Fonts/Zocial.ttf",
				"${PODS_ROOT}/RSKImageCropper/RSKImageCropper/RSKImageCropperStrings.bundle",
			);
			name = "[CP] Copy Pods Resources";
			outputPaths = (
			);
			runOnlyForDeploymentPostprocessing = 0;
			shellPath = /bin/sh;
			shellScript = "\"${PODS_ROOT}/Target Support Files/Pods-moving_shop/Pods-moving_shop-resources.sh\"\n";
			showEnvVarsInLog = 0;
		};
		FD10A7F022414F080027D42C /* Start Packager */ = {
			isa = PBXShellScriptBuildPhase;
			buildActionMask = 2147483647;
			files = (
			);
			inputFileListPaths = (
			);
			inputPaths = (
			);
			name = "Start Packager";
			outputFileListPaths = (
			);
			outputPaths = (
			);
			runOnlyForDeploymentPostprocessing = 0;
			shellPath = /bin/sh;
			shellScript = "export RCT_METRO_PORT=\"${RCT_METRO_PORT:=8081}\"\necho \"export RCT_METRO_PORT=${RCT_METRO_PORT}\" > \"${SRCROOT}/../node_modules/react-native/scripts/.packager.env\"\nif [ -z \"${RCT_NO_LAUNCH_PACKAGER+xxx}\" ] ; then\n  if nc -w 5 -z localhost ${RCT_METRO_PORT} ; then\n    if ! curl -s \"http://localhost:${RCT_METRO_PORT}/status\" | grep -q \"packager-status:running\" ; then\n      echo \"Port ${RCT_METRO_PORT} already in use, packager is either not running or not running correctly\"\n      exit 2\n    fi\n  else\n    open \"$SRCROOT/../node_modules/react-native/scripts/launchPackager.command\" || echo \"Can't start packager automatically\"\n  fi\nfi\n";
			showEnvVarsInLog = 0;
		};
		FD10A7F122414F3F0027D42C /* Start Packager */ = {
			isa = PBXShellScriptBuildPhase;
			buildActionMask = 2147483647;
			files = (
			);
			inputFileListPaths = (
			);
			inputPaths = (
			);
			name = "Start Packager";
			outputFileListPaths = (
			);
			outputPaths = (
			);
			runOnlyForDeploymentPostprocessing = 0;
			shellPath = /bin/sh;
			shellScript = "export RCT_METRO_PORT=\"${RCT_METRO_PORT:=8081}\"\necho \"export RCT_METRO_PORT=${RCT_METRO_PORT}\" > \"${SRCROOT}/../node_modules/react-native/scripts/.packager.env\"\nif [ -z \"${RCT_NO_LAUNCH_PACKAGER+xxx}\" ] ; then\n  if nc -w 5 -z localhost ${RCT_METRO_PORT} ; then\n    if ! curl -s \"http://localhost:${RCT_METRO_PORT}/status\" | grep -q \"packager-status:running\" ; then\n      echo \"Port ${RCT_METRO_PORT} already in use, packager is either not running or not running correctly\"\n      exit 2\n    fi\n  else\n    open \"$SRCROOT/../node_modules/react-native/scripts/launchPackager.command\" || echo \"Can't start packager automatically\"\n  fi\nfi\n";
			showEnvVarsInLog = 0;
		};
/* End PBXShellScriptBuildPhase section */

/* Begin PBXSourcesBuildPhase section */
		00E356EA1AD99517003FC87E /* Sources */ = {
			isa = PBXSourcesBuildPhase;
			buildActionMask = 2147483647;
			files = (
				00E356F31AD99517003FC87E /* moving_shopTests.m in Sources */,
			);
			runOnlyForDeploymentPostprocessing = 0;
		};
		13B07F871A680F5B00A75B9A /* Sources */ = {
			isa = PBXSourcesBuildPhase;
			buildActionMask = 2147483647;
			files = (
				13B07FBC1A68108700A75B9A /* AppDelegate.m in Sources */,
				13B07FC11A68108700A75B9A /* main.m in Sources */,
			);
			runOnlyForDeploymentPostprocessing = 0;
		};
		2D02E4771E0B4A5D006451C7 /* Sources */ = {
			isa = PBXSourcesBuildPhase;
			buildActionMask = 2147483647;
			files = (
				2D02E4BF1E0B4AB3006451C7 /* main.m in Sources */,
				2D02E4BC1E0B4A80006451C7 /* AppDelegate.m in Sources */,
			);
			runOnlyForDeploymentPostprocessing = 0;
		};
		2D02E48C1E0B4A5D006451C7 /* Sources */ = {
			isa = PBXSourcesBuildPhase;
			buildActionMask = 2147483647;
			files = (
				2DCD954D1E0B4F2C00145EB5 /* moving_shopTests.m in Sources */,
			);
			runOnlyForDeploymentPostprocessing = 0;
		};
/* End PBXSourcesBuildPhase section */

/* Begin PBXTargetDependency section */
		00E356F51AD99517003FC87E /* PBXTargetDependency */ = {
			isa = PBXTargetDependency;
			target = 13B07F861A680F5B00A75B9A /* moving_shop */;
			targetProxy = 00E356F41AD99517003FC87E /* PBXContainerItemProxy */;
		};
		2D02E4921E0B4A5D006451C7 /* PBXTargetDependency */ = {
			isa = PBXTargetDependency;
			target = 2D02E47A1E0B4A5D006451C7 /* moving_shop-tvOS */;
			targetProxy = 2D02E4911E0B4A5D006451C7 /* PBXContainerItemProxy */;
		};
/* End PBXTargetDependency section */

/* Begin PBXVariantGroup section */
		13B07FB11A68108700A75B9A /* LaunchScreen.xib */ = {
			isa = PBXVariantGroup;
			children = (
				13B07FB21A68108700A75B9A /* Base */,
			);
			name = LaunchScreen.xib;
			path = moving_shop;
			sourceTree = "<group>";
		};
/* End PBXVariantGroup section */

/* Begin XCBuildConfiguration section */
		00E356F61AD99517003FC87E /* Debug */ = {
			isa = XCBuildConfiguration;
			baseConfigurationReference = 0F165D5FCD3212FEA7A7E00A /* Pods-moving_shopTests.debug.xcconfig */;
			buildSettings = {
				BUNDLE_LOADER = "$(TEST_HOST)";
				GCC_PREPROCESSOR_DEFINITIONS = (
					"DEBUG=1",
					"$(inherited)",
				);
				INFOPLIST_FILE = moving_shopTests/Info.plist;
				IPHONEOS_DEPLOYMENT_TARGET = 9.0;
				LD_RUNPATH_SEARCH_PATHS = "$(inherited) @executable_path/Frameworks @loader_path/Frameworks";
				OTHER_LDFLAGS = (
					"-ObjC",
					"-lc++",
					"$(inherited)",
				);
				PRODUCT_BUNDLE_IDENTIFIER = "org.reactjs.native.example.$(PRODUCT_NAME:rfc1034identifier)";
				PRODUCT_NAME = "$(TARGET_NAME)";
				TEST_HOST = "$(BUILT_PRODUCTS_DIR)/moving_shop.app/moving_shop";
			};
			name = Debug;
		};
		00E356F71AD99517003FC87E /* Release */ = {
			isa = XCBuildConfiguration;
			baseConfigurationReference = E725C4F8737C102F09BD80FD /* Pods-moving_shopTests.release.xcconfig */;
			buildSettings = {
				BUNDLE_LOADER = "$(TEST_HOST)";
				COPY_PHASE_STRIP = NO;
				INFOPLIST_FILE = moving_shopTests/Info.plist;
				IPHONEOS_DEPLOYMENT_TARGET = 9.0;
				LD_RUNPATH_SEARCH_PATHS = "$(inherited) @executable_path/Frameworks @loader_path/Frameworks";
				OTHER_LDFLAGS = (
					"-ObjC",
					"-lc++",
					"$(inherited)",
				);
				PRODUCT_BUNDLE_IDENTIFIER = "org.reactjs.native.example.$(PRODUCT_NAME:rfc1034identifier)";
				PRODUCT_NAME = "$(TARGET_NAME)";
				TEST_HOST = "$(BUILT_PRODUCTS_DIR)/moving_shop.app/moving_shop";
			};
			name = Release;
		};
		13B07F941A680F5B00A75B9A /* Debug */ = {
			isa = XCBuildConfiguration;
			baseConfigurationReference = 83C91C2C026AB311BF8643D3 /* Pods-moving_shop.debug.xcconfig */;
			buildSettings = {
				ASSETCATALOG_COMPILER_APPICON_NAME = AppIcon;
				CLANG_ENABLE_MODULES = YES;
				CURRENT_PROJECT_VERSION = 202006271906;
				DEAD_CODE_STRIPPING = NO;
				DEVELOPMENT_TEAM = W46MECA4RF;
				INFOPLIST_FILE = moving_shop/Info.plist;
				LD_RUNPATH_SEARCH_PATHS = "$(inherited) @executable_path/Frameworks";
				MARKETING_VERSION = 0.0.2;
				OTHER_LDFLAGS = (
					"$(inherited)",
					"-ObjC",
					"-lc++",
				);
				PRODUCT_BUNDLE_IDENTIFIER = com.moving.dry.shop.cleaner;
				PRODUCT_NAME = moving_shop;
				SWIFT_OBJC_BRIDGING_HEADER = "moving_shop-Bridging-Header.h";
				SWIFT_OPTIMIZATION_LEVEL = "-Onone";
				SWIFT_VERSION = 5.0;
				VERSIONING_SYSTEM = "apple-generic";
			};
			name = Debug;
		};
		13B07F951A680F5B00A75B9A /* Release */ = {
			isa = XCBuildConfiguration;
			baseConfigurationReference = 6C09B5D205C38CEB5645E485 /* Pods-moving_shop.release.xcconfig */;
			buildSettings = {
				ASSETCATALOG_COMPILER_APPICON_NAME = AppIcon;
				CLANG_ENABLE_MODULES = YES;
				CURRENT_PROJECT_VERSION = 202006271906;
				DEVELOPMENT_TEAM = W46MECA4RF;
				INFOPLIST_FILE = moving_shop/Info.plist;
				LD_RUNPATH_SEARCH_PATHS = "$(inherited) @executable_path/Frameworks";
				MARKETING_VERSION = 0.0.2;
				OTHER_LDFLAGS = (
					"$(inherited)",
					"-ObjC",
					"-lc++",
				);
				PRODUCT_BUNDLE_IDENTIFIER = com.moving.dry.shop.cleaner;
				PRODUCT_NAME = moving_shop;
				SWIFT_OBJC_BRIDGING_HEADER = "moving_shop-Bridging-Header.h";
				SWIFT_VERSION = 5.0;
				VERSIONING_SYSTEM = "apple-generic";
			};
			name = Release;
		};
		2D02E4971E0B4A5E006451C7 /* Debug */ = {
			isa = XCBuildConfiguration;
			baseConfigurationReference = 53E6BD5ED2762CC16D472702 /* Pods-moving_shop-tvOS.debug.xcconfig */;
			buildSettings = {
				ASSETCATALOG_COMPILER_APPICON_NAME = "App Icon & Top Shelf Image";
				ASSETCATALOG_COMPILER_LAUNCHIMAGE_NAME = LaunchImage;
				CLANG_ANALYZER_NONNULL = YES;
				CLANG_WARN_DOCUMENTATION_COMMENTS = YES;
				CLANG_WARN_INFINITE_RECURSION = YES;
				CLANG_WARN_SUSPICIOUS_MOVE = YES;
				DEBUG_INFORMATION_FORMAT = dwarf;
				ENABLE_TESTABILITY = YES;
				GCC_NO_COMMON_BLOCKS = YES;
				INFOPLIST_FILE = "moving_shop-tvOS/Info.plist";
				LD_RUNPATH_SEARCH_PATHS = "$(inherited) @executable_path/Frameworks";
				OTHER_LDFLAGS = (
					"$(inherited)",
					"-ObjC",
					"-lc++",
				);
				PRODUCT_BUNDLE_IDENTIFIER = "com.facebook.REACT.moving_shop-tvOS";
				PRODUCT_NAME = "$(TARGET_NAME)";
				SDKROOT = appletvos;
				TARGETED_DEVICE_FAMILY = 3;
				TVOS_DEPLOYMENT_TARGET = 9.2;
			};
			name = Debug;
		};
		2D02E4981E0B4A5E006451C7 /* Release */ = {
			isa = XCBuildConfiguration;
			baseConfigurationReference = 3E3A4FEFF0721C99DCAD24B5 /* Pods-moving_shop-tvOS.release.xcconfig */;
			buildSettings = {
				ASSETCATALOG_COMPILER_APPICON_NAME = "App Icon & Top Shelf Image";
				ASSETCATALOG_COMPILER_LAUNCHIMAGE_NAME = LaunchImage;
				CLANG_ANALYZER_NONNULL = YES;
				CLANG_WARN_DOCUMENTATION_COMMENTS = YES;
				CLANG_WARN_INFINITE_RECURSION = YES;
				CLANG_WARN_SUSPICIOUS_MOVE = YES;
				COPY_PHASE_STRIP = NO;
				DEBUG_INFORMATION_FORMAT = "dwarf-with-dsym";
				GCC_NO_COMMON_BLOCKS = YES;
				INFOPLIST_FILE = "moving_shop-tvOS/Info.plist";
				LD_RUNPATH_SEARCH_PATHS = "$(inherited) @executable_path/Frameworks";
				OTHER_LDFLAGS = (
					"$(inherited)",
					"-ObjC",
					"-lc++",
				);
				PRODUCT_BUNDLE_IDENTIFIER = "com.facebook.REACT.moving_shop-tvOS";
				PRODUCT_NAME = "$(TARGET_NAME)";
				SDKROOT = appletvos;
				TARGETED_DEVICE_FAMILY = 3;
				TVOS_DEPLOYMENT_TARGET = 9.2;
			};
			name = Release;
		};
		2D02E4991E0B4A5E006451C7 /* Debug */ = {
			isa = XCBuildConfiguration;
			baseConfigurationReference = 90639CEDB965ED8914D3F935 /* Pods-moving_shop-tvOSTests.debug.xcconfig */;
			buildSettings = {
				BUNDLE_LOADER = "$(TEST_HOST)";
				CLANG_ANALYZER_NONNULL = YES;
				CLANG_WARN_DOCUMENTATION_COMMENTS = YES;
				CLANG_WARN_INFINITE_RECURSION = YES;
				CLANG_WARN_SUSPICIOUS_MOVE = YES;
				DEBUG_INFORMATION_FORMAT = dwarf;
				ENABLE_TESTABILITY = YES;
				GCC_NO_COMMON_BLOCKS = YES;
				INFOPLIST_FILE = "moving_shop-tvOSTests/Info.plist";
				LD_RUNPATH_SEARCH_PATHS = "$(inherited) @executable_path/Frameworks @loader_path/Frameworks";
				OTHER_LDFLAGS = (
					"$(inherited)",
					"-ObjC",
					"-lc++",
				);
				PRODUCT_BUNDLE_IDENTIFIER = "com.facebook.REACT.moving_shop-tvOSTests";
				PRODUCT_NAME = "$(TARGET_NAME)";
				SDKROOT = appletvos;
				TEST_HOST = "$(BUILT_PRODUCTS_DIR)/moving_shop-tvOS.app/moving_shop-tvOS";
				TVOS_DEPLOYMENT_TARGET = 10.1;
			};
			name = Debug;
		};
		2D02E49A1E0B4A5E006451C7 /* Release */ = {
			isa = XCBuildConfiguration;
			baseConfigurationReference = 0BDBD47371BA65CA768FF918 /* Pods-moving_shop-tvOSTests.release.xcconfig */;
			buildSettings = {
				BUNDLE_LOADER = "$(TEST_HOST)";
				CLANG_ANALYZER_NONNULL = YES;
				CLANG_WARN_DOCUMENTATION_COMMENTS = YES;
				CLANG_WARN_INFINITE_RECURSION = YES;
				CLANG_WARN_SUSPICIOUS_MOVE = YES;
				COPY_PHASE_STRIP = NO;
				DEBUG_INFORMATION_FORMAT = "dwarf-with-dsym";
				GCC_NO_COMMON_BLOCKS = YES;
				INFOPLIST_FILE = "moving_shop-tvOSTests/Info.plist";
				LD_RUNPATH_SEARCH_PATHS = "$(inherited) @executable_path/Frameworks @loader_path/Frameworks";
				OTHER_LDFLAGS = (
					"$(inherited)",
					"-ObjC",
					"-lc++",
				);
				PRODUCT_BUNDLE_IDENTIFIER = "com.facebook.REACT.moving_shop-tvOSTests";
				PRODUCT_NAME = "$(TARGET_NAME)";
				SDKROOT = appletvos;
				TEST_HOST = "$(BUILT_PRODUCTS_DIR)/moving_shop-tvOS.app/moving_shop-tvOS";
				TVOS_DEPLOYMENT_TARGET = 10.1;
			};
			name = Release;
		};
		83CBBA201A601CBA00E9B192 /* Debug */ = {
			isa = XCBuildConfiguration;
			buildSettings = {
				ALWAYS_SEARCH_USER_PATHS = NO;
				CLANG_ANALYZER_LOCALIZABILITY_NONLOCALIZED = YES;
				CLANG_CXX_LANGUAGE_STANDARD = "gnu++0x";
				CLANG_CXX_LIBRARY = "libc++";
				CLANG_ENABLE_MODULES = YES;
				CLANG_ENABLE_OBJC_ARC = YES;
				CLANG_WARN_BLOCK_CAPTURE_AUTORELEASING = YES;
				CLANG_WARN_BOOL_CONVERSION = YES;
				CLANG_WARN_COMMA = YES;
				CLANG_WARN_CONSTANT_CONVERSION = YES;
				CLANG_WARN_DEPRECATED_OBJC_IMPLEMENTATIONS = YES;
				CLANG_WARN_DIRECT_OBJC_ISA_USAGE = YES_ERROR;
				CLANG_WARN_EMPTY_BODY = YES;
				CLANG_WARN_ENUM_CONVERSION = YES;
				CLANG_WARN_INFINITE_RECURSION = YES;
				CLANG_WARN_INT_CONVERSION = YES;
				CLANG_WARN_NON_LITERAL_NULL_CONVERSION = YES;
				CLANG_WARN_OBJC_IMPLICIT_RETAIN_SELF = YES;
				CLANG_WARN_OBJC_LITERAL_CONVERSION = YES;
				CLANG_WARN_OBJC_ROOT_CLASS = YES_ERROR;
				CLANG_WARN_RANGE_LOOP_ANALYSIS = YES;
				CLANG_WARN_STRICT_PROTOTYPES = YES;
				CLANG_WARN_SUSPICIOUS_MOVE = YES;
				CLANG_WARN_UNREACHABLE_CODE = YES;
				CLANG_WARN__DUPLICATE_METHOD_MATCH = YES;
				"CODE_SIGN_IDENTITY[sdk=iphoneos*]" = "iPhone Developer";
				COPY_PHASE_STRIP = NO;
				ENABLE_STRICT_OBJC_MSGSEND = YES;
				ENABLE_TESTABILITY = YES;
				GCC_C_LANGUAGE_STANDARD = gnu99;
				GCC_DYNAMIC_NO_PIC = NO;
				GCC_NO_COMMON_BLOCKS = YES;
				GCC_OPTIMIZATION_LEVEL = 0;
				GCC_PREPROCESSOR_DEFINITIONS = (
					"DEBUG=1",
					"$(inherited)",
				);
				GCC_SYMBOLS_PRIVATE_EXTERN = NO;
				GCC_WARN_64_TO_32_BIT_CONVERSION = YES;
				GCC_WARN_ABOUT_RETURN_TYPE = YES_ERROR;
				GCC_WARN_UNDECLARED_SELECTOR = YES;
				GCC_WARN_UNINITIALIZED_AUTOS = YES_AGGRESSIVE;
				GCC_WARN_UNUSED_FUNCTION = YES;
				GCC_WARN_UNUSED_VARIABLE = YES;
				IPHONEOS_DEPLOYMENT_TARGET = 9.0;
				LIBRARY_SEARCH_PATHS = (
					"\"$(TOOLCHAIN_DIR)/usr/lib/swift/$(PLATFORM_NAME)\"",
					"\"$(TOOLCHAIN_DIR)/usr/lib/swift-5.0/$(PLATFORM_NAME)\"",
				);
				MTL_ENABLE_DEBUG_INFO = YES;
				ONLY_ACTIVE_ARCH = YES;
				SDKROOT = iphoneos;
			};
			name = Debug;
		};
		83CBBA211A601CBA00E9B192 /* Release */ = {
			isa = XCBuildConfiguration;
			buildSettings = {
				ALWAYS_SEARCH_USER_PATHS = NO;
				CLANG_ANALYZER_LOCALIZABILITY_NONLOCALIZED = YES;
				CLANG_CXX_LANGUAGE_STANDARD = "gnu++0x";
				CLANG_CXX_LIBRARY = "libc++";
				CLANG_ENABLE_MODULES = YES;
				CLANG_ENABLE_OBJC_ARC = YES;
				CLANG_WARN_BLOCK_CAPTURE_AUTORELEASING = YES;
				CLANG_WARN_BOOL_CONVERSION = YES;
				CLANG_WARN_COMMA = YES;
				CLANG_WARN_CONSTANT_CONVERSION = YES;
				CLANG_WARN_DEPRECATED_OBJC_IMPLEMENTATIONS = YES;
				CLANG_WARN_DIRECT_OBJC_ISA_USAGE = YES_ERROR;
				CLANG_WARN_EMPTY_BODY = YES;
				CLANG_WARN_ENUM_CONVERSION = YES;
				CLANG_WARN_INFINITE_RECURSION = YES;
				CLANG_WARN_INT_CONVERSION = YES;
				CLANG_WARN_NON_LITERAL_NULL_CONVERSION = YES;
				CLANG_WARN_OBJC_IMPLICIT_RETAIN_SELF = YES;
				CLANG_WARN_OBJC_LITERAL_CONVERSION = YES;
				CLANG_WARN_OBJC_ROOT_CLASS = YES_ERROR;
				CLANG_WARN_RANGE_LOOP_ANALYSIS = YES;
				CLANG_WARN_STRICT_PROTOTYPES = YES;
				CLANG_WARN_SUSPICIOUS_MOVE = YES;
				CLANG_WARN_UNREACHABLE_CODE = YES;
				CLANG_WARN__DUPLICATE_METHOD_MATCH = YES;
				"CODE_SIGN_IDENTITY[sdk=iphoneos*]" = "iPhone Developer";
				COPY_PHASE_STRIP = YES;
				ENABLE_NS_ASSERTIONS = NO;
				ENABLE_STRICT_OBJC_MSGSEND = YES;
				GCC_C_LANGUAGE_STANDARD = gnu99;
				GCC_NO_COMMON_BLOCKS = YES;
				GCC_WARN_64_TO_32_BIT_CONVERSION = YES;
				GCC_WARN_ABOUT_RETURN_TYPE = YES_ERROR;
				GCC_WARN_UNDECLARED_SELECTOR = YES;
				GCC_WARN_UNINITIALIZED_AUTOS = YES_AGGRESSIVE;
				GCC_WARN_UNUSED_FUNCTION = YES;
				GCC_WARN_UNUSED_VARIABLE = YES;
				IPHONEOS_DEPLOYMENT_TARGET = 9.0;
				LIBRARY_SEARCH_PATHS = (
					"\"$(TOOLCHAIN_DIR)/usr/lib/swift/$(PLATFORM_NAME)\"",
					"\"$(TOOLCHAIN_DIR)/usr/lib/swift-5.0/$(PLATFORM_NAME)\"",
				);
				MTL_ENABLE_DEBUG_INFO = NO;
				SDKROOT = iphoneos;
				VALIDATE_PRODUCT = YES;
			};
			name = Release;
		};
/* End XCBuildConfiguration section */

/* Begin XCConfigurationList section */
		00E357021AD99517003FC87E /* Build configuration list for PBXNativeTarget "moving_shopTests" */ = {
			isa = XCConfigurationList;
			buildConfigurations = (
				00E356F61AD99517003FC87E /* Debug */,
				00E356F71AD99517003FC87E /* Release */,
			);
			defaultConfigurationIsVisible = 0;
			defaultConfigurationName = Release;
		};
		13B07F931A680F5B00A75B9A /* Build configuration list for PBXNativeTarget "moving_shop" */ = {
			isa = XCConfigurationList;
			buildConfigurations = (
				13B07F941A680F5B00A75B9A /* Debug */,
				13B07F951A680F5B00A75B9A /* Release */,
			);
			defaultConfigurationIsVisible = 0;
			defaultConfigurationName = Release;
		};
		2D02E4BA1E0B4A5E006451C7 /* Build configuration list for PBXNativeTarget "moving_shop-tvOS" */ = {
			isa = XCConfigurationList;
			buildConfigurations = (
				2D02E4971E0B4A5E006451C7 /* Debug */,
				2D02E4981E0B4A5E006451C7 /* Release */,
			);
			defaultConfigurationIsVisible = 0;
			defaultConfigurationName = Release;
		};
		2D02E4BB1E0B4A5E006451C7 /* Build configuration list for PBXNativeTarget "moving_shop-tvOSTests" */ = {
			isa = XCConfigurationList;
			buildConfigurations = (
				2D02E4991E0B4A5E006451C7 /* Debug */,
				2D02E49A1E0B4A5E006451C7 /* Release */,
			);
			defaultConfigurationIsVisible = 0;
			defaultConfigurationName = Release;
		};
		83CBB9FA1A601CBA00E9B192 /* Build configuration list for PBXProject "moving_shop" */ = {
			isa = XCConfigurationList;
			buildConfigurations = (
				83CBBA201A601CBA00E9B192 /* Debug */,
				83CBBA211A601CBA00E9B192 /* Release */,
			);
			defaultConfigurationIsVisible = 0;
			defaultConfigurationName = Release;
		};
/* End XCConfigurationList section */
	};
	rootObject = 83CBB9F71A601CBA00E9B192 /* Project object */;
}
